
Microsoft Visual Studio Solution File, Format Version 12.00
# Visual Studio Version 16
VisualStudioVersion = 16.0.31624.102
MinimumVisualStudioVersion = 10.0.40219.1
Project("{FAE04EC0-301F-11D3-BF4B-00C04F79EFBC}") = "VKAdmin", "VKAdmin\VKAdmin.csproj", "{15257988-DAE5-4165-91CA-408409D394AD}"
EndProject
Global
	GlobalSection(SolutionConfigurationPlatforms) = preSolution
		Debug|Any CPU = Debug|Any CPU
		Release|Any CPU = Release|Any CPU
	EndGlobalSection
	GlobalSection(ProjectConfigurationPlatforms) = postSolution
		{15257988-DAE5-4165-91CA-408409D394AD}.Debug|Any CPU.ActiveCfg = Debug|Any CPU
		{15257988-DAE5-4165-91CA-408409D394AD}.Debug|Any CPU.Build.0 = Debug|Any CPU
		{15257988-DAE5-4165-91CA-408409D394AD}.Release|Any CPU.ActiveCfg = Release|Any CPU
		{15257988-DAE5-4165-91CA-408409D394AD}.Release|Any CPU.Build.0 = Release|Any CPU
	EndGlobalSection
	GlobalSection(SolutionProperties) = preSolution
		HideSolutionNode = FALSE
	EndGlobalSection
	GlobalSection(ExtensibilityGlobals) = postSolution
		SolutionGuid = {91BF3B8E-B78E-4643-BA21-A392BFB2DA56}
	EndGlobalSection
EndGlobal
